
Microsoft Visual Studio Solution File, Format Version 12.00
# Visual Studio 15
VisualStudioVersion = 15.0.26730.10
MinimumVisualStudioVersion = 10.0.40219.1
Project("{8BC9CEB8-8B4A-11D0-8D11-00A0C91BC942}") = "CodeDemoHelper", "CodeDemoHelper\CodeDemoHelper.vcxproj", "{7BBB076B-2D6E-4B2C-9AF7-EC7E85F280F5}"
EndProject
Global
	GlobalSection(SolutionConfigurationPlatforms) = preSolution
		Debug|x64 = Debug|x64
		Debug|x86 = Debug|x86
		Release|x64 = Release|x64
		Release|x86 = Release|x86
	EndGlobalSection
	GlobalSection(ProjectConfigurationPlatforms) = postSolution
		{7BBB076B-2D6E-4B2C-9AF7-EC7E85F280F5}.Debug|x64.ActiveCfg = Debug|x64
		{7BBB076B-2D6E-4B2C-9AF7-EC7E85F280F5}.Debug|x64.Build.0 = Debug|x64
		{7BBB076B-2D6E-4B2C-9AF7-EC7E85F280F5}.Debug|x86.ActiveCfg = Release|Win32
		{7BBB076B-2D6E-4B2C-9AF7-EC7E85F280F5}.Debug|x86.Build.0 = Release|Win32
		{7BBB076B-2D6E-4B2C-9AF7-EC7E85F280F5}.Release|x64.ActiveCfg = Release|x64
		{7BBB076B-2D6E-4B2C-9AF7-EC7E85F280F5}.Release|x64.Build.0 = Release|x64
		{7BBB076B-2D6E-4B2C-9AF7-EC7E85F280F5}.Release|x86.ActiveCfg = Release|Win32
		{7BBB076B-2D6E-4B2C-9AF7-EC7E85F280F5}.Release|x86.Build.0 = Release|Win32
	EndGlobalSection
	GlobalSection(SolutionProperties) = preSolution
		HideSolutionNode = FALSE
	EndGlobalSection
	GlobalSection(ExtensibilityGlobals) = postSolution
		SolutionGuid = {2703A726-34AB-4B0D-A77F-3584B3889D02}
	EndGlobalSection
EndGlobal
