
Microsoft Visual Studio Solution File, Format Version 12.00
# Visual Studio 15
VisualStudioVersion = 15.0.26730.10
MinimumVisualStudioVersion = 10.0.40219.1
Project("{8BC9CEB8-8B4A-11D0-8D11-00A0C91BC942}") = "CodeDemoHelper", "CodeDemoHelper\CodeDemoHelper.vcxproj", "{23E461DC-4D86-4876-B90E-ADF256510ECD}"
EndProject
Project("{8BC9CEB8-8B4A-11D0-8D11-00A0C91BC942}") = "Core", "core\core.vcxproj", "{2CB0EE1C-F3B2-4272-A1B1-068C1348D289}"
EndProject
Global
	GlobalSection(SolutionConfigurationPlatforms) = preSolution
		Debug|Win32 = Debug|Win32
		Debug|x64 = Debug|x64
		Release|Win32 = Release|Win32
		Release|x64 = Release|x64
	EndGlobalSection
	GlobalSection(ProjectConfigurationPlatforms) = postSolution
		{23E461DC-4D86-4876-B90E-ADF256510ECD}.Debug|Win32.ActiveCfg = Debug|Win32
		{23E461DC-4D86-4876-B90E-ADF256510ECD}.Debug|Win32.Build.0 = Debug|Win32
		{23E461DC-4D86-4876-B90E-ADF256510ECD}.Debug|x64.ActiveCfg = Debug|Win32
		{23E461DC-4D86-4876-B90E-ADF256510ECD}.Release|Win32.ActiveCfg = Release|Win32
		{23E461DC-4D86-4876-B90E-ADF256510ECD}.Release|Win32.Build.0 = Release|Win32
		{23E461DC-4D86-4876-B90E-ADF256510ECD}.Release|x64.ActiveCfg = Release|Win32
		{2CB0EE1C-F3B2-4272-A1B1-068C1348D289}.Debug|Win32.ActiveCfg = Debug|Win32
		{2CB0EE1C-F3B2-4272-A1B1-068C1348D289}.Debug|Win32.Build.0 = Debug|Win32
		{2CB0EE1C-F3B2-4272-A1B1-068C1348D289}.Debug|x64.ActiveCfg = Debug|x64
		{2CB0EE1C-F3B2-4272-A1B1-068C1348D289}.Debug|x64.Build.0 = Debug|x64
		{2CB0EE1C-F3B2-4272-A1B1-068C1348D289}.Release|Win32.ActiveCfg = Release|Win32
		{2CB0EE1C-F3B2-4272-A1B1-068C1348D289}.Release|Win32.Build.0 = Release|Win32
		{2CB0EE1C-F3B2-4272-A1B1-068C1348D289}.Release|x64.ActiveCfg = Release|x64
		{2CB0EE1C-F3B2-4272-A1B1-068C1348D289}.Release|x64.Build.0 = Release|x64
	EndGlobalSection
	GlobalSection(SolutionProperties) = preSolution
		HideSolutionNode = FALSE
	EndGlobalSection
	GlobalSection(ExtensibilityGlobals) = postSolution
		SolutionGuid = {E4D1737C-7235-45EE-922A-085509768782}
	EndGlobalSection
EndGlobal
